// !$*UTF8*$!
{
	archiveVersion = 1;
	classes = {
	};
	objectVersion = 46;
	objects = {

/* Begin PBXBuildFile section */
		1D60589F0D05DD5A006BFB54 /* Foundation.framework in Frameworks */ = {isa = PBXBuildFile; fileRef = 1D30AB110D05D00D00671497 /* Foundation.framework */; };
		1DF5F4E00D08C38300B7A737 /* UIKit.framework in Frameworks */ = {isa = PBXBuildFile; fileRef = 1DF5F4DF0D08C38300B7A737 /* UIKit.framework */; };
		288765A50DF7441C002DB57D /* CoreGraphics.framework in Frameworks */ = {isa = PBXBuildFile; fileRef = 288765A40DF7441C002DB57D /* CoreGraphics.framework */; };
		37D3F3DE166F50ED00A24CF2 /* CVCustomCalloutAnnotationView.m in Sources */ = {isa = PBXBuildFile; fileRef = 37D3F3CA166F50ED00A24CF2 /* CVCustomCalloutAnnotationView.m */; };
		37D3F3DF166F50ED00A24CF2 /* asynchrony-logo-small.png in Resources */ = {isa = PBXBuildFile; fileRef = 37D3F3CC166F50ED00A24CF2 /* asynchrony-logo-small.png */; };
		37D3F3E0166F50ED00A24CF2 /* asynchrony-logo-small@2x.png in Resources */ = {isa = PBXBuildFile; fileRef = 37D3F3CD166F50ED00A24CF2 /* asynchrony-logo-small@2x.png */; };
		37D3F3E2166F50ED00A24CF2 /* CustomMapAnnotationExampleViewController.xib in Resources */ = {isa = PBXBuildFile; fileRef = 37D3F3CF166F50ED00A24CF2 /* CustomMapAnnotationExampleViewController.xib */; };
		37D3F3E3166F50ED00A24CF2 /* Default-568h@2x.png in Resources */ = {isa = PBXBuildFile; fileRef = 37D3F3D0166F50ED00A24CF2 /* Default-568h@2x.png */; };
		37D3F3E4166F50ED00A24CF2 /* MainWindow.xib in Resources */ = {isa = PBXBuildFile; fileRef = 37D3F3D1166F50ED00A24CF2 /* MainWindow.xib */; };
		37D3F3E5166F50ED00A24CF2 /* BasicMapAnnotation.m in Sources */ = {isa = PBXBuildFile; fileRef = 37D3F3D5166F50ED00A24CF2 /* BasicMapAnnotation.m */; };
		37D3F3E6166F50ED00A24CF2 /* CalloutMapAnnotation.m in Sources */ = {isa = PBXBuildFile; fileRef = 37D3F3D7166F50ED00A24CF2 /* CalloutMapAnnotation.m */; };
		37D3F3E7166F50ED00A24CF2 /* CustomMapAnnotationExampleAppDelegate.m in Sources */ = {isa = PBXBuildFile; fileRef = 37D3F3D9166F50ED00A24CF2 /* CustomMapAnnotationExampleAppDelegate.m */; };
		37D3F3E8166F50ED00A24CF2 /* CustomMapAnnotationExampleViewController.m in Sources */ = {isa = PBXBuildFile; fileRef = 37D3F3DB166F50ED00A24CF2 /* CustomMapAnnotationExampleViewController.m */; };
		37D3F3E9166F50ED00A24CF2 /* main.m in Sources */ = {isa = PBXBuildFile; fileRef = 37D3F3DD166F50ED00A24CF2 /* main.m */; };
		4D582BB9120C4901003E9E92 /* CoreLocation.framework in Frameworks */ = {isa = PBXBuildFile; fileRef = 4D582BB8120C4901003E9E92 /* CoreLocation.framework */; };
		4D9A76FA1210AF51001C8F00 /* QuartzCore.framework in Frameworks */ = {isa = PBXBuildFile; fileRef = 4D9A76F91210AF51001C8F00 /* QuartzCore.framework */; };
		4DFFC2DF11B5651700594D93 /* MapKit.framework in Frameworks */ = {isa = PBXBuildFile; fileRef = 4DFFC2DE11B5651700594D93 /* MapKit.framework */; };
/* End PBXBuildFile section */

/* Begin PBXFileReference section */
		1D30AB110D05D00D00671497 /* Foundation.framework */ = {isa = PBXFileReference; lastKnownFileType = wrapper.framework; name = Foundation.framework; path = System/Library/Frameworks/Foundation.framework; sourceTree = SDKROOT; };
		1D6058910D05DD3D006BFB54 /* CustomMapAnnotationExample.app */ = {isa = PBXFileReference; explicitFileType = wrapper.application; includeInIndex = 0; path = CustomMapAnnotationExample.app; sourceTree = BUILT_PRODUCTS_DIR; };
		1DF5F4DF0D08C38300B7A737 /* UIKit.framework */ = {isa = PBXFileReference; lastKnownFileType = wrapper.framework; name = UIKit.framework; path = System/Library/Frameworks/UIKit.framework; sourceTree = SDKROOT; };
		288765A40DF7441C002DB57D /* CoreGraphics.framework */ = {isa = PBXFileReference; lastKnownFileType = wrapper.framework; name = CoreGraphics.framework; path = System/Library/Frameworks/CoreGraphics.framework; sourceTree = SDKROOT; };
		37D3F3C9166F50ED00A24CF2 /* CVCustomCalloutAnnotationView.h */ = {isa = PBXFileReference; fileEncoding = 4; lastKnownFileType = sourcecode.c.h; path = CVCustomCalloutAnnotationView.h; sourceTree = "<group>"; };
		37D3F3CA166F50ED00A24CF2 /* CVCustomCalloutAnnotationView.m */ = {isa = PBXFileReference; fileEncoding = 4; lastKnownFileType = sourcecode.c.objc; path = CVCustomCalloutAnnotationView.m; sourceTree = "<group>"; };
		37D3F3CC166F50ED00A24CF2 /* asynchrony-logo-small.png */ = {isa = PBXFileReference; lastKnownFileType = image.png; path = "asynchrony-logo-small.png"; sourceTree = "<group>"; };
		37D3F3CD166F50ED00A24CF2 /* asynchrony-logo-small@2x.png */ = {isa = PBXFileReference; lastKnownFileType = image.png; path = "asynchrony-logo-small@2x.png"; sourceTree = "<group>"; };
		37D3F3CE166F50ED00A24CF2 /* CustomMapAnnotationExample-Info.plist */ = {isa = PBXFileReference; fileEncoding = 4; lastKnownFileType = text.plist.xml; path = "CustomMapAnnotationExample-Info.plist"; sourceTree = "<group>"; };
		37D3F3CF166F50ED00A24CF2 /* CustomMapAnnotationExampleViewController.xib */ = {isa = PBXFileReference; fileEncoding = 4; lastKnownFileType = file.xib; path = CustomMapAnnotationExampleViewController.xib; sourceTree = "<group>"; };
		37D3F3D0166F50ED00A24CF2 /* Default-568h@2x.png */ = {isa = PBXFileReference; lastKnownFileType = image.png; path = "Default-568h@2x.png"; sourceTree = "<group>"; };
		37D3F3D1166F50ED00A24CF2 /* MainWindow.xib */ = {isa = PBXFileReference; fileEncoding = 4; lastKnownFileType = file.xib; path = MainWindow.xib; sourceTree = "<group>"; };
		37D3F3D4166F50ED00A24CF2 /* BasicMapAnnotation.h */ = {isa = PBXFileReference; fileEncoding = 4; lastKnownFileType = sourcecode.c.h; path = BasicMapAnnotation.h; sourceTree = "<group>"; };
		37D3F3D5166F50ED00A24CF2 /* BasicMapAnnotation.m */ = {isa = PBXFileReference; fileEncoding = 4; lastKnownFileType = sourcecode.c.objc; path = BasicMapAnnotation.m; sourceTree = "<group>"; };
		37D3F3D6166F50ED00A24CF2 /* CalloutMapAnnotation.h */ = {isa = PBXFileReference; fileEncoding = 4; lastKnownFileType = sourcecode.c.h; path = CalloutMapAnnotation.h; sourceTree = "<group>"; };
		37D3F3D7166F50ED00A24CF2 /* CalloutMapAnnotation.m */ = {isa = PBXFileReference; fileEncoding = 4; lastKnownFileType = sourcecode.c.objc; path = CalloutMapAnnotation.m; sourceTree = "<group>"; };
		37D3F3D8166F50ED00A24CF2 /* CustomMapAnnotationExampleAppDelegate.h */ = {isa = PBXFileReference; fileEncoding = 4; lastKnownFileType = sourcecode.c.h; path = CustomMapAnnotationExampleAppDelegate.h; sourceTree = "<group>"; };
		37D3F3D9166F50ED00A24CF2 /* CustomMapAnnotationExampleAppDelegate.m */ = {isa = PBXFileReference; fileEncoding = 4; lastKnownFileType = sourcecode.c.objc; path = CustomMapAnnotationExampleAppDelegate.m; sourceTree = "<group>"; };
		37D3F3DA166F50ED00A24CF2 /* CustomMapAnnotationExampleViewController.h */ = {isa = PBXFileReference; fileEncoding = 4; lastKnownFileType = sourcecode.c.h; path = CustomMapAnnotationExampleViewController.h; sourceTree = "<group>"; };
		37D3F3DB166F50ED00A24CF2 /* CustomMapAnnotationExampleViewController.m */ = {isa = PBXFileReference; fileEncoding = 4; lastKnownFileType = sourcecode.c.objc; path = CustomMapAnnotationExampleViewController.m; sourceTree = "<group>"; };
		37D3F3DC166F50ED00A24CF2 /* CustomMapAnnotationExample_Prefix.pch */ = {isa = PBXFileReference; fileEncoding = 4; lastKnownFileType = sourcecode.c.h; path = CustomMapAnnotationExample_Prefix.pch; sourceTree = "<group>"; };
		37D3F3DD166F50ED00A24CF2 /* main.m */ = {isa = PBXFileReference; fileEncoding = 4; lastKnownFileType = sourcecode.c.objc; path = main.m; sourceTree = "<group>"; };
		4D582BB8120C4901003E9E92 /* CoreLocation.framework */ = {isa = PBXFileReference; lastKnownFileType = wrapper.framework; name = CoreLocation.framework; path = System/Library/Frameworks/CoreLocation.framework; sourceTree = SDKROOT; };
		4D9A76F91210AF51001C8F00 /* QuartzCore.framework */ = {isa = PBXFileReference; lastKnownFileType = wrapper.framework; name = QuartzCore.framework; path = System/Library/Frameworks/QuartzCore.framework; sourceTree = SDKROOT; };
		4DFFC2DE11B5651700594D93 /* MapKit.framework */ = {isa = PBXFileReference; lastKnownFileType = wrapper.framework; name = MapKit.framework; path = System/Library/Frameworks/MapKit.framework; sourceTree = SDKROOT; };
/* End PBXFileReference section */

/* Begin PBXFrameworksBuildPhase section */
		1D60588F0D05DD3D006BFB54 /* Frameworks */ = {
			isa = PBXFrameworksBuildPhase;
			buildActionMask = 2147483647;
			files = (
				1D60589F0D05DD5A006BFB54 /* Foundation.framework in Frameworks */,
				1DF5F4E00D08C38300B7A737 /* UIKit.framework in Frameworks */,
				288765A50DF7441C002DB57D /* CoreGraphics.framework in Frameworks */,
				4DFFC2DF11B5651700594D93 /* MapKit.framework in Frameworks */,
				4D582BB9120C4901003E9E92 /* CoreLocation.framework in Frameworks */,
				4D9A76FA1210AF51001C8F00 /* QuartzCore.framework in Frameworks */,
			);
			runOnlyForDeploymentPostprocessing = 0;
		};
/* End PBXFrameworksBuildPhase section */

/* Begin PBXGroup section */
		19C28FACFE9D520D11CA2CBB /* Products */ = {
			isa = PBXGroup;
			children = (
				1D6058910D05DD3D006BFB54 /* CustomMapAnnotationExample.app */,
			);
			name = Products;
			sourceTree = "<group>";
		};
		29B97314FDCFA39411CA2CEA /* CustomTemplate */ = {
			isa = PBXGroup;
			children = (
				37D3F3C8166F50ED00A24CF2 /* lib */,
				37D3F3D2166F50ED00A24CF2 /* src */,
				37D3F3CB166F50ED00A24CF2 /* Resources */,
				29B97323FDCFA39411CA2CEA /* Frameworks */,
				19C28FACFE9D520D11CA2CBB /* Products */,
			);
			name = CustomTemplate;
			sourceTree = "<group>";
		};
		29B97323FDCFA39411CA2CEA /* Frameworks */ = {
			isa = PBXGroup;
			children = (
				1DF5F4DF0D08C38300B7A737 /* UIKit.framework */,
				1D30AB110D05D00D00671497 /* Foundation.framework */,
				288765A40DF7441C002DB57D /* CoreGraphics.framework */,
				4DFFC2DE11B5651700594D93 /* MapKit.framework */,
				4D582BB8120C4901003E9E92 /* CoreLocation.framework */,
				4D9A76F91210AF51001C8F00 /* QuartzCore.framework */,
			);
			name = Frameworks;
			sourceTree = "<group>";
		};
		37D3F3C8166F50ED00A24CF2 /* lib */ = {
			isa = PBXGroup;
			children = (
				37D3F3C9166F50ED00A24CF2 /* CVCustomCalloutAnnotationView.h */,
				37D3F3CA166F50ED00A24CF2 /* CVCustomCalloutAnnotationView.m */,
			);
			path = lib;
			sourceTree = "<group>";
		};
		37D3F3CB166F50ED00A24CF2 /* Resources */ = {
			isa = PBXGroup;
			children = (
				37D3F3CC166F50ED00A24CF2 /* asynchrony-logo-small.png */,
				37D3F3CD166F50ED00A24CF2 /* asynchrony-logo-small@2x.png */,
				37D3F3CE166F50ED00A24CF2 /* CustomMapAnnotationExample-Info.plist */,
				37D3F3CF166F50ED00A24CF2 /* CustomMapAnnotationExampleViewController.xib */,
				37D3F3D0166F50ED00A24CF2 /* Default-568h@2x.png */,
				37D3F3D1166F50ED00A24CF2 /* MainWindow.xib */,
			);
			path = Resources;
			sourceTree = "<group>";
		};
		37D3F3D2166F50ED00A24CF2 /* src */ = {
			isa = PBXGroup;
			children = (
				37D3F3D3166F50ED00A24CF2 /* Classes */,
				37D3F3DC166F50ED00A24CF2 /* CustomMapAnnotationExample_Prefix.pch */,
				37D3F3DD166F50ED00A24CF2 /* main.m */,
			);
			path = src;
			sourceTree = "<group>";
		};
		37D3F3D3166F50ED00A24CF2 /* Classes */ = {
			isa = PBXGroup;
			children = (
				37D3F3D4166F50ED00A24CF2 /* BasicMapAnnotation.h */,
				37D3F3D5166F50ED00A24CF2 /* BasicMapAnnotation.m */,
				37D3F3D6166F50ED00A24CF2 /* CalloutMapAnnotation.h */,
				37D3F3D7166F50ED00A24CF2 /* CalloutMapAnnotation.m */,
				37D3F3D8166F50ED00A24CF2 /* CustomMapAnnotationExampleAppDelegate.h */,
				37D3F3D9166F50ED00A24CF2 /* CustomMapAnnotationExampleAppDelegate.m */,
				37D3F3DA166F50ED00A24CF2 /* CustomMapAnnotationExampleViewController.h */,
				37D3F3DB166F50ED00A24CF2 /* CustomMapAnnotationExampleViewController.m */,
			);
			path = Classes;
			sourceTree = "<group>";
		};
/* End PBXGroup section */

/* Begin PBXNativeTarget section */
		1D6058900D05DD3D006BFB54 /* CustomMapAnnotationExample */ = {
			isa = PBXNativeTarget;
			buildConfigurationList = 1D6058960D05DD3E006BFB54 /* Build configuration list for PBXNativeTarget "CustomMapAnnotationExample" */;
			buildPhases = (
				1D60588D0D05DD3D006BFB54 /* Resources */,
				1D60588E0D05DD3D006BFB54 /* Sources */,
				1D60588F0D05DD3D006BFB54 /* Frameworks */,
			);
			buildRules = (
			);
			dependencies = (
			);
			name = CustomMapAnnotationExample;
			productName = MapAnnotationSpike;
			productReference = 1D6058910D05DD3D006BFB54 /* CustomMapAnnotationExample.app */;
			productType = "com.apple.product-type.application";
		};
/* End PBXNativeTarget section */

/* Begin PBXProject section */
		29B97313FDCFA39411CA2CEA /* Project object */ = {
			isa = PBXProject;
			attributes = {
				LastUpgradeCheck = 0450;
			};
			buildConfigurationList = C01FCF4E08A954540054247B /* Build configuration list for PBXProject "CustomMapAnnotationExample" */;
			compatibilityVersion = "Xcode 3.2";
			developmentRegion = English;
			hasScannedForEncodings = 1;
			knownRegions = (
				en,
			);
			mainGroup = 29B97314FDCFA39411CA2CEA /* CustomTemplate */;
			projectDirPath = "";
			projectRoot = "";
			targets = (
				1D6058900D05DD3D006BFB54 /* CustomMapAnnotationExample */,
			);
		};
/* End PBXProject section */

/* Begin PBXResourcesBuildPhase section */
		1D60588D0D05DD3D006BFB54 /* Resources */ = {
			isa = PBXResourcesBuildPhase;
			buildActionMask = 2147483647;
			files = (
				37D3F3DF166F50ED00A24CF2 /* asynchrony-logo-small.png in Resources */,
				37D3F3E0166F50ED00A24CF2 /* asynchrony-logo-small@2x.png in Resources */,
				37D3F3E2166F50ED00A24CF2 /* CustomMapAnnotationExampleViewController.xib in Resources */,
				37D3F3E3166F50ED00A24CF2 /* Default-568h@2x.png in Resources */,
				37D3F3E4166F50ED00A24CF2 /* MainWindow.xib in Resources */,
			);
			runOnlyForDeploymentPostprocessing = 0;
		};
/* End PBXResourcesBuildPhase section */

/* Begin PBXSourcesBuildPhase section */
		1D60588E0D05DD3D006BFB54 /* Sources */ = {
			isa = PBXSourcesBuildPhase;
			buildActionMask = 2147483647;
			files = (
				37D3F3DE166F50ED00A24CF2 /* CVCustomCalloutAnnotationView.m in Sources */,
				37D3F3E5166F50ED00A24CF2 /* BasicMapAnnotation.m in Sources */,
				37D3F3E6166F50ED00A24CF2 /* CalloutMapAnnotation.m in Sources */,
				37D3F3E7166F50ED00A24CF2 /* CustomMapAnnotationExampleAppDelegate.m in Sources */,
				37D3F3E8166F50ED00A24CF2 /* CustomMapAnnotationExampleViewController.m in Sources */,
				37D3F3E9166F50ED00A24CF2 /* main.m in Sources */,
			);
			runOnlyForDeploymentPostprocessing = 0;
		};
/* End PBXSourcesBuildPhase section */

/* Begin XCBuildConfiguration section */
		1D6058940D05DD3E006BFB54 /* Debug */ = {
			isa = XCBuildConfiguration;
			buildSettings = {
				ALWAYS_SEARCH_USER_PATHS = NO;
				COPY_PHASE_STRIP = NO;
				GCC_DYNAMIC_NO_PIC = NO;
				GCC_OPTIMIZATION_LEVEL = 0;
				GCC_PRECOMPILE_PREFIX_HEADER = YES;
				GCC_PREFIX_HEADER = src/CustomMapAnnotationExample_Prefix.pch;
				INFOPLIST_FILE = "$(SRCROOT)/Resources/CustomMapAnnotationExample-Info.plist";
				IPHONEOS_DEPLOYMENT_TARGET = 4.3;
				PRODUCT_NAME = CustomMapAnnotationExample;
				SDKROOT = iphoneos;
			};
			name = Debug;
		};
		1D6058950D05DD3E006BFB54 /* Release */ = {
			isa = XCBuildConfiguration;
			buildSettings = {
				ALWAYS_SEARCH_USER_PATHS = NO;
				COPY_PHASE_STRIP = YES;
				GCC_PRECOMPILE_PREFIX_HEADER = YES;
				GCC_PREFIX_HEADER = src/CustomMapAnnotationExample_Prefix.pch;
				INFOPLIST_FILE = "$(SRCROOT)/Resources/CustomMapAnnotationExample-Info.plist";
				IPHONEOS_DEPLOYMENT_TARGET = 4.3;
				PRODUCT_NAME = CustomMapAnnotationExample;
				SDKROOT = iphoneos;
				VALIDATE_PRODUCT = YES;
			};
			name = Release;
		};
		C01FCF4F08A954540054247B /* Debug */ = {
			isa = XCBuildConfiguration;
			buildSettings = {
				ARCHS = "$(ARCHS_STANDARD_32_BIT)";
				GCC_C_LANGUAGE_STANDARD = c99;
				GCC_WARN_ABOUT_RETURN_TYPE = YES;
				GCC_WARN_UNUSED_VARIABLE = YES;
				IPHONEOS_DEPLOYMENT_TARGET = 4.3;
				PRODUCT_NAME = "";
				SDKROOT = iphoneos;
			};
			name = Debug;
		};
		C01FCF5008A954540054247B /* Release */ = {
			isa = XCBuildConfiguration;
			buildSettings = {
				ARCHS = "$(ARCHS_STANDARD_32_BIT)";
				GCC_C_LANGUAGE_STANDARD = c99;
				GCC_WARN_ABOUT_RETURN_TYPE = YES;
				GCC_WARN_UNUSED_VARIABLE = YES;
				IPHONEOS_DEPLOYMENT_TARGET = 4.3;
				OTHER_CFLAGS = "-DNS_BLOCK_ASSERTIONS=1";
				PRODUCT_NAME = "";
				SDKROOT = iphoneos;
			};
			name = Release;
		};
/* End XCBuildConfiguration section */

/* Begin XCConfigurationList section */
		1D6058960D05DD3E006BFB54 /* Build configuration list for PBXNativeTarget "CustomMapAnnotationExample" */ = {
			isa = XCConfigurationList;
			buildConfigurations = (
				1D6058940D05DD3E006BFB54 /* Debug */,
				1D6058950D05DD3E006BFB54 /* Release */,
			);
			defaultConfigurationIsVisible = 0;
			defaultConfigurationName = Release;
		};
		C01FCF4E08A954540054247B /* Build configuration list for PBXProject "CustomMapAnnotationExample" */ = {
			isa = XCConfigurationList;
			buildConfigurations = (
				C01FCF4F08A954540054247B /* Debug */,
				C01FCF5008A954540054247B /* Release */,
			);
			defaultConfigurationIsVisible = 0;
			defaultConfigurationName = Release;
		};
/* End XCConfigurationList section */
	};
	rootObject = 29B97313FDCFA39411CA2CEA /* Project object */;
}
